
Microsoft Visual Studio Solution File, Format Version 12.00
# Visual Studio Version 17
VisualStudioVersion = 17.6.33829.357
MinimumVisualStudioVersion = 10.0.40219.1
Project("{9A19103F-16F7-4668-BE54-9A1E7A4F7556}") = "2023.04.28_PW", "2023.04.28_PW\2023.04.28_PW.csproj", "{14FA1340-2E73-432C-829B-75200F553C19}"
EndProject
Project("{2150E333-8FDC-42A3-9474-1A3956D46DE8}") = "Solution Items", "Solution Items", "{67B13015-159C-4B1D-9C05-871BEDD394F6}"
	ProjectSection(SolutionItems) = preProject
		Примечание.txt = Примечание.txt
	EndProjectSection
EndProject
Project("{9A19103F-16F7-4668-BE54-9A1E7A4F7556}") = "2023.05.03_PW", "2023.05.03_PW\2023.05.03_PW.csproj", "{B3586F30-E5E3-49F0-8468-38E3686BACD4}"
EndProject
Project("{9A19103F-16F7-4668-BE54-9A1E7A4F7556}") = "2023.05.09_PW", "2023.05.09_PW\2023.05.09_PW.csproj", "{CCF5AB5C-B085-411A-B783-785138625709}"
EndProject
Project("{9A19103F-16F7-4668-BE54-9A1E7A4F7556}") = "2023.05.12_PW", "2023.05.12_PW\2023.05.12_PW.csproj", "{895D1ACB-E4DF-497F-B14C-91B24ED0EA89}"
EndProject
Project("{9A19103F-16F7-4668-BE54-9A1E7A4F7556}") = "2023.05.16_PW", "2023.05.16_PW\2023.05.16_PW.csproj", "{83CC1CAD-0D9E-4A59-8520-DFB580957A06}"
EndProject
Project("{FAE04EC0-301F-11D3-BF4B-00C04F79EFBC}") = "2023.05.19_PW", "2023.05.19_PW\2023.05.19_PW.csproj", "{132968F4-04EE-4894-8BC6-05C81997CDF6}"
EndProject
Global
	GlobalSection(SolutionConfigurationPlatforms) = preSolution
		Debug|Any CPU = Debug|Any CPU
		Release|Any CPU = Release|Any CPU
	EndGlobalSection
	GlobalSection(ProjectConfigurationPlatforms) = postSolution
		{14FA1340-2E73-432C-829B-75200F553C19}.Debug|Any CPU.ActiveCfg = Debug|Any CPU
		{14FA1340-2E73-432C-829B-75200F553C19}.Debug|Any CPU.Build.0 = Debug|Any CPU
		{14FA1340-2E73-432C-829B-75200F553C19}.Release|Any CPU.ActiveCfg = Release|Any CPU
		{14FA1340-2E73-432C-829B-75200F553C19}.Release|Any CPU.Build.0 = Release|Any CPU
		{B3586F30-E5E3-49F0-8468-38E3686BACD4}.Debug|Any CPU.ActiveCfg = Debug|Any CPU
		{B3586F30-E5E3-49F0-8468-38E3686BACD4}.Debug|Any CPU.Build.0 = Debug|Any CPU
		{B3586F30-E5E3-49F0-8468-38E3686BACD4}.Release|Any CPU.ActiveCfg = Release|Any CPU
		{B3586F30-E5E3-49F0-8468-38E3686BACD4}.Release|Any CPU.Build.0 = Release|Any CPU
		{CCF5AB5C-B085-411A-B783-785138625709}.Debug|Any CPU.ActiveCfg = Debug|Any CPU
		{CCF5AB5C-B085-411A-B783-785138625709}.Debug|Any CPU.Build.0 = Debug|Any CPU
		{CCF5AB5C-B085-411A-B783-785138625709}.Release|Any CPU.ActiveCfg = Release|Any CPU
		{CCF5AB5C-B085-411A-B783-785138625709}.Release|Any CPU.Build.0 = Release|Any CPU
		{895D1ACB-E4DF-497F-B14C-91B24ED0EA89}.Debug|Any CPU.ActiveCfg = Debug|Any CPU
		{895D1ACB-E4DF-497F-B14C-91B24ED0EA89}.Debug|Any CPU.Build.0 = Debug|Any CPU
		{895D1ACB-E4DF-497F-B14C-91B24ED0EA89}.Release|Any CPU.ActiveCfg = Release|Any CPU
		{895D1ACB-E4DF-497F-B14C-91B24ED0EA89}.Release|Any CPU.Build.0 = Release|Any CPU
		{83CC1CAD-0D9E-4A59-8520-DFB580957A06}.Debug|Any CPU.ActiveCfg = Debug|Any CPU
		{83CC1CAD-0D9E-4A59-8520-DFB580957A06}.Debug|Any CPU.Build.0 = Debug|Any CPU
		{83CC1CAD-0D9E-4A59-8520-DFB580957A06}.Release|Any CPU.ActiveCfg = Release|Any CPU
		{83CC1CAD-0D9E-4A59-8520-DFB580957A06}.Release|Any CPU.Build.0 = Release|Any CPU
		{132968F4-04EE-4894-8BC6-05C81997CDF6}.Debug|Any CPU.ActiveCfg = Debug|Any CPU
		{132968F4-04EE-4894-8BC6-05C81997CDF6}.Debug|Any CPU.Build.0 = Debug|Any CPU
		{132968F4-04EE-4894-8BC6-05C81997CDF6}.Release|Any CPU.ActiveCfg = Release|Any CPU
		{132968F4-04EE-4894-8BC6-05C81997CDF6}.Release|Any CPU.Build.0 = Release|Any CPU
	EndGlobalSection
	GlobalSection(SolutionProperties) = preSolution
		HideSolutionNode = FALSE
	EndGlobalSection
	GlobalSection(ExtensibilityGlobals) = postSolution
		SolutionGuid = {6325A094-E922-4CAB-A35C-087EC5C8373D}
	EndGlobalSection
EndGlobal
